PODS:
  - amap_location (0.0.1):
    - AMapLocation
    - Flutter
  - AMapFoundation (1.5.6)
  - AMapLocation (2.6.1):
    - AMapFoundation (~> 1.4)
  - connectivity (0.0.1):
    - Flutter
    - Reachability
  - Flutter (1.0.0)
  - flutter_qq (0.0.3):
    - Flutter
    - QQSDK
  - fluttertoast (0.0.2):
    - Flutter
  - FMDB (2.7.5):
    - FMDB/standard (= 2.7.5)
  - FMDB/standard (2.7.5)
  - image_picker (0.0.1):
    - Flutter
  - MMKV (1.0.17)
  - mmkv_flutter (0.0.1):
    - Flutter
    - MMKV
  - path_provider (0.0.1):
    - Flutter
  - permission_handler (3.0.1):
    - Flutter
  - QQSDK (3.3.3)
  - Reachability (3.2)
  - share (0.5.2):
    - Flutter
  - shared_preferences (0.0.1):
    - Flutter
  - sqflite (0.0.1):
    - Flutter
    - FMDB (~> 2.7.2)
  - url_launcher (0.0.1):
    - Flutter
  - webview_flutter (0.0.1):
    - Flutter

DEPENDENCIES:
  - amap_location (from `.symlinks/plugins/amap_location/ios`)
  - connectivity (from `.symlinks/plugins/connectivity/ios`)
  - Flutter (from `.symlinks/flutter/ios`)
  - flutter_qq (from `.symlinks/plugins/flutter_qq/ios`)
  - fluttertoast (from `.symlinks/plugins/fluttertoast/ios`)
  - image_picker (from `.symlinks/plugins/image_picker/ios`)
  - mmkv_flutter (from `.symlinks/plugins/mmkv_flutter/ios`)
  - path_provider (from `.symlinks/plugins/path_provider/ios`)
  - permission_handler (from `.symlinks/plugins/permission_handler/ios`)
  - share (from `.symlinks/plugins/share/ios`)
  - shared_preferences (from `.symlinks/plugins/shared_preferences/ios`)
  - sqflite (from `.symlinks/plugins/sqflite/ios`)
  - url_launcher (from `.symlinks/plugins/url_launcher/ios`)
  - webview_flutter (from `.symlinks/plugins/webview_flutter/ios`)

SPEC REPOS:
  https://github.com/cocoapods/specs.git:
    - AMapFoundation
    - AMapLocation
    - FMDB
    - MMKV
    - QQSDK
    - Reachability

EXTERNAL SOURCES:
  amap_location:
    :path: ".symlinks/plugins/amap_location/ios"
  connectivity:
    :path: ".symlinks/plugins/connectivity/ios"
  Flutter:
    :path: ".symlinks/flutter/ios"
  flutter_qq:
    :path: ".symlinks/plugins/flutter_qq/ios"
  fluttertoast:
    :path: ".symlinks/plugins/fluttertoast/ios"
  image_picker:
    :path: ".symlinks/plugins/image_picker/ios"
  mmkv_flutter:
    :path: ".symlinks/plugins/mmkv_flutter/ios"
  path_provider:
    :path: ".symlinks/plugins/path_provider/ios"
  permission_handler:
    :path: ".symlinks/plugins/permission_handler/ios"
  share:
    :path: ".symlinks/plugins/share/ios"
  shared_preferences:
    :path: ".symlinks/plugins/shared_preferences/ios"
  sqflite:
    :path: ".symlinks/plugins/sqflite/ios"
  url_launcher:
    :path: ".symlinks/plugins/url_launcher/ios"
  webview_flutter:
    :path: ".symlinks/plugins/webview_flutter/ios"

SPEC CHECKSUMS:
  amap_location: 738b2c0fb7c62b26af20ebc65018b7bdc0bd7a6d
  AMapFoundation: 20fce2a12cd152e1092afdd04379cdac21932185
  AMapLocation: cf024b53dc03663efb4ea4bcce27d4cce58bb97a
  connectivity: d5992e3758d68b1c4b12d6e012fe0813f1aa1645
  Flutter: 9d0fac939486c9aba2809b7982dfdbb47a7b0296
  flutter_qq: f4729b44f8cd31a11f42e2453f7f6ef7b150d245
  fluttertoast: 0a20dcbbb8ecfd1a61b6285651ff2d5989d033fb
  FMDB: 2ce00b547f966261cd18927a3ddb07cb6f3db82a
  image_picker: 86b84c4fe89267356a1f17297a45b5d317ebd2e7
  MMKV: 890ba85ecf1d05546ed2c4d29fe618dbf92e3cf4
  mmkv_flutter: c30199174f0117c468572e4758f72921d8089f68
  path_provider: 09407919825bfe3c2deae39453b7a5b44f467873
  permission_handler: b4cdd38c1c4385e9f4f394c9881c42b48476ccb6
  QQSDK: 97a38fdbd3217626f0ef16321b67c4eb67e7bf9d
  Reachability: 33e18b67625424e47b6cde6d202dce689ad7af96
  share: 222b5dcc8031238af9d7de91149df65bad1aef75
  shared_preferences: 5a1d487c427ee18fcd3ea1f2a131569481834b53
  sqflite: d1612813fa7db7c667bed9f1d1b508deffc56999
  url_launcher: 92b89c1029a0373879933c21642958c874539095
  webview_flutter: 9bd234c07e99632356cba112df56fd1d47d6b6e3

PODFILE CHECKSUM: aff02bfeed411c636180d6812254b2daeea14d09

COCOAPODS: 1.5.3
